
Microsoft Visual Studio Solution File, Format Version 12.00
# Visual Studio Version 17
VisualStudioVersion = 17.0.31903.59
MinimumVisualStudioVersion = 10.0.40219.1
Project("{2150E333-8FDC-42A3-9474-1A3956D46DE8}") = "src", "src", "{827E0CD3-B72D-47B6-A68D-7590B98EB39B}"
EndProject
Project("{2150E333-8FDC-42A3-9474-1A3956D46DE8}") = "ClaimLedger", "ClaimLedger", "{93E75C02-1E62-1C24-21E0-D01A4A3530DD}"
EndProject
Project("{FAE04EC0-301F-11D3-BF4B-00C04F79EFBC}") = "ClaimLedger.Application", "src\ClaimLedger\ClaimLedger.Application\ClaimLedger.Application.csproj", "{34070F02-F5F2-4D7E-9D49-5713F0AA3CD5}"
EndProject
Project("{FAE04EC0-301F-11D3-BF4B-00C04F79EFBC}") = "ClaimLedger.Domain", "src\ClaimLedger\ClaimLedger.Domain\ClaimLedger.Domain.csproj", "{7996DCDD-592A-4FE2-8169-785BDB9B132B}"
EndProject
Project("{2150E333-8FDC-42A3-9474-1A3956D46DE8}") = "CreatorLedger", "CreatorLedger", "{D5A1FEE0-8AF4-DBC8-EA46-641CAEC05923}"
EndProject
Project("{FAE04EC0-301F-11D3-BF4B-00C04F79EFBC}") = "Shared.Crypto", "src\CreatorLedger\Shared.Crypto\Shared.Crypto.csproj", "{EC9C689E-FABC-4E37-83B3-E42F881A3CB6}"
EndProject
Project("{FAE04EC0-301F-11D3-BF4B-00C04F79EFBC}") = "ClaimLedger.Cli", "src\ClaimLedger\ClaimLedger.Cli\ClaimLedger.Cli.csproj", "{E79F4ED5-1953-4F44-A2B5-8977C89A8B50}"
EndProject
Project("{FAE04EC0-301F-11D3-BF4B-00C04F79EFBC}") = "ClaimLedger.Tests", "src\ClaimLedger\ClaimLedger.Tests\ClaimLedger.Tests.csproj", "{38DB3034-E472-4D57-AA62-963C17CC6730}"
EndProject
Project("{FAE04EC0-301F-11D3-BF4B-00C04F79EFBC}") = "CreatorLedger.Application", "src\CreatorLedger\CreatorLedger.Application\CreatorLedger.Application.csproj", "{E271E354-8CE3-4999-BF45-720344D94BBD}"
EndProject
Project("{FAE04EC0-301F-11D3-BF4B-00C04F79EFBC}") = "CreatorLedger.Domain", "src\CreatorLedger\CreatorLedger.Domain\CreatorLedger.Domain.csproj", "{EEBA2869-F86F-4AD4-9701-3F42476BA837}"
EndProject
Project("{FAE04EC0-301F-11D3-BF4B-00C04F79EFBC}") = "CreatorLedger.Cli", "src\CreatorLedger\CreatorLedger.Cli\CreatorLedger.Cli.csproj", "{042DF029-FD32-4C61-8AC9-169DD5B7A55A}"
EndProject
Project("{FAE04EC0-301F-11D3-BF4B-00C04F79EFBC}") = "CreatorLedger.Infrastructure", "src\CreatorLedger\CreatorLedger.Infrastructure\CreatorLedger.Infrastructure.csproj", "{6719E4D3-42F8-49AC-8F9D-47D252520F38}"
EndProject
Project("{FAE04EC0-301F-11D3-BF4B-00C04F79EFBC}") = "CreatorLedger.Tests", "src\CreatorLedger\CreatorLedger.Tests\CreatorLedger.Tests.csproj", "{8DE93026-6945-4762-B1A0-76A5732085E4}"
EndProject
Global
	GlobalSection(SolutionConfigurationPlatforms) = preSolution
		Debug|Any CPU = Debug|Any CPU
		Debug|x64 = Debug|x64
		Debug|x86 = Debug|x86
		Release|Any CPU = Release|Any CPU
		Release|x64 = Release|x64
		Release|x86 = Release|x86
	EndGlobalSection
	GlobalSection(ProjectConfigurationPlatforms) = postSolution
		{34070F02-F5F2-4D7E-9D49-5713F0AA3CD5}.Debug|Any CPU.ActiveCfg = Debug|Any CPU
		{34070F02-F5F2-4D7E-9D49-5713F0AA3CD5}.Debug|Any CPU.Build.0 = Debug|Any CPU
		{34070F02-F5F2-4D7E-9D49-5713F0AA3CD5}.Debug|x64.ActiveCfg = Debug|Any CPU
		{34070F02-F5F2-4D7E-9D49-5713F0AA3CD5}.Debug|x64.Build.0 = Debug|Any CPU
		{34070F02-F5F2-4D7E-9D49-5713F0AA3CD5}.Debug|x86.ActiveCfg = Debug|Any CPU
		{34070F02-F5F2-4D7E-9D49-5713F0AA3CD5}.Debug|x86.Build.0 = Debug|Any CPU
		{34070F02-F5F2-4D7E-9D49-5713F0AA3CD5}.Release|Any CPU.ActiveCfg = Release|Any CPU
		{34070F02-F5F2-4D7E-9D49-5713F0AA3CD5}.Release|Any CPU.Build.0 = Release|Any CPU
		{34070F02-F5F2-4D7E-9D49-5713F0AA3CD5}.Release|x64.ActiveCfg = Release|Any CPU
		{34070F02-F5F2-4D7E-9D49-5713F0AA3CD5}.Release|x64.Build.0 = Release|Any CPU
		{34070F02-F5F2-4D7E-9D49-5713F0AA3CD5}.Release|x86.ActiveCfg = Release|Any CPU
		{34070F02-F5F2-4D7E-9D49-5713F0AA3CD5}.Release|x86.Build.0 = Release|Any CPU
		{7996DCDD-592A-4FE2-8169-785BDB9B132B}.Debug|Any CPU.ActiveCfg = Debug|Any CPU
		{7996DCDD-592A-4FE2-8169-785BDB9B132B}.Debug|Any CPU.Build.0 = Debug|Any CPU
		{7996DCDD-592A-4FE2-8169-785BDB9B132B}.Debug|x64.ActiveCfg = Debug|Any CPU
		{7996DCDD-592A-4FE2-8169-785BDB9B132B}.Debug|x64.Build.0 = Debug|Any CPU
		{7996DCDD-592A-4FE2-8169-785BDB9B132B}.Debug|x86.ActiveCfg = Debug|Any CPU
		{7996DCDD-592A-4FE2-8169-785BDB9B132B}.Debug|x86.Build.0 = Debug|Any CPU
		{7996DCDD-592A-4FE2-8169-785BDB9B132B}.Release|Any CPU.ActiveCfg = Release|Any CPU
		{7996DCDD-592A-4FE2-8169-785BDB9B132B}.Release|Any CPU.Build.0 = Release|Any CPU
		{7996DCDD-592A-4FE2-8169-785BDB9B132B}.Release|x64.ActiveCfg = Release|Any CPU
		{7996DCDD-592A-4FE2-8169-785BDB9B132B}.Release|x64.Build.0 = Release|Any CPU
		{7996DCDD-592A-4FE2-8169-785BDB9B132B}.Release|x86.ActiveCfg = Release|Any CPU
		{7996DCDD-592A-4FE2-8169-785BDB9B132B}.Release|x86.Build.0 = Release|Any CPU
		{EC9C689E-FABC-4E37-83B3-E42F881A3CB6}.Debug|Any CPU.ActiveCfg = Debug|Any CPU
		{EC9C689E-FABC-4E37-83B3-E42F881A3CB6}.Debug|Any CPU.Build.0 = Debug|Any CPU
		{EC9C689E-FABC-4E37-83B3-E42F881A3CB6}.Debug|x64.ActiveCfg = Debug|Any CPU
		{EC9C689E-FABC-4E37-83B3-E42F881A3CB6}.Debug|x64.Build.0 = Debug|Any CPU
		{EC9C689E-FABC-4E37-83B3-E42F881A3CB6}.Debug|x86.ActiveCfg = Debug|Any CPU
		{EC9C689E-FABC-4E37-83B3-E42F881A3CB6}.Debug|x86.Build.0 = Debug|Any CPU
		{EC9C689E-FABC-4E37-83B3-E42F881A3CB6}.Release|Any CPU.ActiveCfg = Release|Any CPU
		{EC9C689E-FABC-4E37-83B3-E42F881A3CB6}.Release|Any CPU.Build.0 = Release|Any CPU
		{EC9C689E-FABC-4E37-83B3-E42F881A3CB6}.Release|x64.ActiveCfg = Release|Any CPU
		{EC9C689E-FABC-4E37-83B3-E42F881A3CB6}.Release|x64.Build.0 = Release|Any CPU
		{EC9C689E-FABC-4E37-83B3-E42F881A3CB6}.Release|x86.ActiveCfg = Release|Any CPU
		{EC9C689E-FABC-4E37-83B3-E42F881A3CB6}.Release|x86.Build.0 = Release|Any CPU
		{E79F4ED5-1953-4F44-A2B5-8977C89A8B50}.Debug|Any CPU.ActiveCfg = Debug|Any CPU
		{E79F4ED5-1953-4F44-A2B5-8977C89A8B50}.Debug|Any CPU.Build.0 = Debug|Any CPU
		{E79F4ED5-1953-4F44-A2B5-8977C89A8B50}.Debug|x64.ActiveCfg = Debug|Any CPU
		{E79F4ED5-1953-4F44-A2B5-8977C89A8B50}.Debug|x64.Build.0 = Debug|Any CPU
		{E79F4ED5-1953-4F44-A2B5-8977C89A8B50}.Debug|x86.ActiveCfg = Debug|Any CPU
		{E79F4ED5-1953-4F44-A2B5-8977C89A8B50}.Debug|x86.Build.0 = Debug|Any CPU
		{E79F4ED5-1953-4F44-A2B5-8977C89A8B50}.Release|Any CPU.ActiveCfg = Release|Any CPU
		{E79F4ED5-1953-4F44-A2B5-8977C89A8B50}.Release|Any CPU.Build.0 = Release|Any CPU
		{E79F4ED5-1953-4F44-A2B5-8977C89A8B50}.Release|x64.ActiveCfg = Release|Any CPU
		{E79F4ED5-1953-4F44-A2B5-8977C89A8B50}.Release|x64.Build.0 = Release|Any CPU
		{E79F4ED5-1953-4F44-A2B5-8977C89A8B50}.Release|x86.ActiveCfg = Release|Any CPU
		{E79F4ED5-1953-4F44-A2B5-8977C89A8B50}.Release|x86.Build.0 = Release|Any CPU
		{38DB3034-E472-4D57-AA62-963C17CC6730}.Debug|Any CPU.ActiveCfg = Debug|Any CPU
		{38DB3034-E472-4D57-AA62-963C17CC6730}.Debug|Any CPU.Build.0 = Debug|Any CPU
		{38DB3034-E472-4D57-AA62-963C17CC6730}.Debug|x64.ActiveCfg = Debug|Any CPU
		{38DB3034-E472-4D57-AA62-963C17CC6730}.Debug|x64.Build.0 = Debug|Any CPU
		{38DB3034-E472-4D57-AA62-963C17CC6730}.Debug|x86.ActiveCfg = Debug|Any CPU
		{38DB3034-E472-4D57-AA62-963C17CC6730}.Debug|x86.Build.0 = Debug|Any CPU
		{38DB3034-E472-4D57-AA62-963C17CC6730}.Release|Any CPU.ActiveCfg = Release|Any CPU
		{38DB3034-E472-4D57-AA62-963C17CC6730}.Release|Any CPU.Build.0 = Release|Any CPU
		{38DB3034-E472-4D57-AA62-963C17CC6730}.Release|x64.ActiveCfg = Release|Any CPU
		{38DB3034-E472-4D57-AA62-963C17CC6730}.Release|x64.Build.0 = Release|Any CPU
		{38DB3034-E472-4D57-AA62-963C17CC6730}.Release|x86.ActiveCfg = Release|Any CPU
		{38DB3034-E472-4D57-AA62-963C17CC6730}.Release|x86.Build.0 = Release|Any CPU
		{E271E354-8CE3-4999-BF45-720344D94BBD}.Debug|Any CPU.ActiveCfg = Debug|Any CPU
		{E271E354-8CE3-4999-BF45-720344D94BBD}.Debug|Any CPU.Build.0 = Debug|Any CPU
		{E271E354-8CE3-4999-BF45-720344D94BBD}.Debug|x64.ActiveCfg = Debug|Any CPU
		{E271E354-8CE3-4999-BF45-720344D94BBD}.Debug|x64.Build.0 = Debug|Any CPU
		{E271E354-8CE3-4999-BF45-720344D94BBD}.Debug|x86.ActiveCfg = Debug|Any CPU
		{E271E354-8CE3-4999-BF45-720344D94BBD}.Debug|x86.Build.0 = Debug|Any CPU
		{E271E354-8CE3-4999-BF45-720344D94BBD}.Release|Any CPU.ActiveCfg = Release|Any CPU
		{E271E354-8CE3-4999-BF45-720344D94BBD}.Release|Any CPU.Build.0 = Release|Any CPU
		{E271E354-8CE3-4999-BF45-720344D94BBD}.Release|x64.ActiveCfg = Release|Any CPU
		{E271E354-8CE3-4999-BF45-720344D94BBD}.Release|x64.Build.0 = Release|Any CPU
		{E271E354-8CE3-4999-BF45-720344D94BBD}.Release|x86.ActiveCfg = Release|Any CPU
		{E271E354-8CE3-4999-BF45-720344D94BBD}.Release|x86.Build.0 = Release|Any CPU
		{EEBA2869-F86F-4AD4-9701-3F42476BA837}.Debug|Any CPU.ActiveCfg = Debug|Any CPU
		{EEBA2869-F86F-4AD4-9701-3F42476BA837}.Debug|Any CPU.Build.0 = Debug|Any CPU
		{EEBA2869-F86F-4AD4-9701-3F42476BA837}.Debug|x64.ActiveCfg = Debug|Any CPU
		{EEBA2869-F86F-4AD4-9701-3F42476BA837}.Debug|x64.Build.0 = Debug|Any CPU
		{EEBA2869-F86F-4AD4-9701-3F42476BA837}.Debug|x86.ActiveCfg = Debug|Any CPU
		{EEBA2869-F86F-4AD4-9701-3F42476BA837}.Debug|x86.Build.0 = Debug|Any CPU
		{EEBA2869-F86F-4AD4-9701-3F42476BA837}.Release|Any CPU.ActiveCfg = Release|Any CPU
		{EEBA2869-F86F-4AD4-9701-3F42476BA837}.Release|Any CPU.Build.0 = Release|Any CPU
		{EEBA2869-F86F-4AD4-9701-3F42476BA837}.Release|x64.ActiveCfg = Release|Any CPU
		{EEBA2869-F86F-4AD4-9701-3F42476BA837}.Release|x64.Build.0 = Release|Any CPU
		{EEBA2869-F86F-4AD4-9701-3F42476BA837}.Release|x86.ActiveCfg = Release|Any CPU
		{EEBA2869-F86F-4AD4-9701-3F42476BA837}.Release|x86.Build.0 = Release|Any CPU
		{042DF029-FD32-4C61-8AC9-169DD5B7A55A}.Debug|Any CPU.ActiveCfg = Debug|Any CPU
		{042DF029-FD32-4C61-8AC9-169DD5B7A55A}.Debug|Any CPU.Build.0 = Debug|Any CPU
		{042DF029-FD32-4C61-8AC9-169DD5B7A55A}.Debug|x64.ActiveCfg = Debug|Any CPU
		{042DF029-FD32-4C61-8AC9-169DD5B7A55A}.Debug|x64.Build.0 = Debug|Any CPU
		{042DF029-FD32-4C61-8AC9-169DD5B7A55A}.Debug|x86.ActiveCfg = Debug|Any CPU
		{042DF029-FD32-4C61-8AC9-169DD5B7A55A}.Debug|x86.Build.0 = Debug|Any CPU
		{042DF029-FD32-4C61-8AC9-169DD5B7A55A}.Release|Any CPU.ActiveCfg = Release|Any CPU
		{042DF029-FD32-4C61-8AC9-169DD5B7A55A}.Release|Any CPU.Build.0 = Release|Any CPU
		{042DF029-FD32-4C61-8AC9-169DD5B7A55A}.Release|x64.ActiveCfg = Release|Any CPU
		{042DF029-FD32-4C61-8AC9-169DD5B7A55A}.Release|x64.Build.0 = Release|Any CPU
		{042DF029-FD32-4C61-8AC9-169DD5B7A55A}.Release|x86.ActiveCfg = Release|Any CPU
		{042DF029-FD32-4C61-8AC9-169DD5B7A55A}.Release|x86.Build.0 = Release|Any CPU
		{6719E4D3-42F8-49AC-8F9D-47D252520F38}.Debug|Any CPU.ActiveCfg = Debug|Any CPU
		{6719E4D3-42F8-49AC-8F9D-47D252520F38}.Debug|Any CPU.Build.0 = Debug|Any CPU
		{6719E4D3-42F8-49AC-8F9D-47D252520F38}.Debug|x64.ActiveCfg = Debug|Any CPU
		{6719E4D3-42F8-49AC-8F9D-47D252520F38}.Debug|x64.Build.0 = Debug|Any CPU
		{6719E4D3-42F8-49AC-8F9D-47D252520F38}.Debug|x86.ActiveCfg = Debug|Any CPU
		{6719E4D3-42F8-49AC-8F9D-47D252520F38}.Debug|x86.Build.0 = Debug|Any CPU
		{6719E4D3-42F8-49AC-8F9D-47D252520F38}.Release|Any CPU.ActiveCfg = Release|Any CPU
		{6719E4D3-42F8-49AC-8F9D-47D252520F38}.Release|Any CPU.Build.0 = Release|Any CPU
		{6719E4D3-42F8-49AC-8F9D-47D252520F38}.Release|x64.ActiveCfg = Release|Any CPU
		{6719E4D3-42F8-49AC-8F9D-47D252520F38}.Release|x64.Build.0 = Release|Any CPU
		{6719E4D3-42F8-49AC-8F9D-47D252520F38}.Release|x86.ActiveCfg = Release|Any CPU
		{6719E4D3-42F8-49AC-8F9D-47D252520F38}.Release|x86.Build.0 = Release|Any CPU
		{8DE93026-6945-4762-B1A0-76A5732085E4}.Debug|Any CPU.ActiveCfg = Debug|Any CPU
		{8DE93026-6945-4762-B1A0-76A5732085E4}.Debug|Any CPU.Build.0 = Debug|Any CPU
		{8DE93026-6945-4762-B1A0-76A5732085E4}.Debug|x64.ActiveCfg = Debug|Any CPU
		{8DE93026-6945-4762-B1A0-76A5732085E4}.Debug|x64.Build.0 = Debug|Any CPU
		{8DE93026-6945-4762-B1A0-76A5732085E4}.Debug|x86.ActiveCfg = Debug|Any CPU
		{8DE93026-6945-4762-B1A0-76A5732085E4}.Debug|x86.Build.0 = Debug|Any CPU
		{8DE93026-6945-4762-B1A0-76A5732085E4}.Release|Any CPU.ActiveCfg = Release|Any CPU
		{8DE93026-6945-4762-B1A0-76A5732085E4}.Release|Any CPU.Build.0 = Release|Any CPU
		{8DE93026-6945-4762-B1A0-76A5732085E4}.Release|x64.ActiveCfg = Release|Any CPU
		{8DE93026-6945-4762-B1A0-76A5732085E4}.Release|x64.Build.0 = Release|Any CPU
		{8DE93026-6945-4762-B1A0-76A5732085E4}.Release|x86.ActiveCfg = Release|Any CPU
		{8DE93026-6945-4762-B1A0-76A5732085E4}.Release|x86.Build.0 = Release|Any CPU
	EndGlobalSection
	GlobalSection(SolutionProperties) = preSolution
		HideSolutionNode = FALSE
	EndGlobalSection
	GlobalSection(NestedProjects) = preSolution
		{93E75C02-1E62-1C24-21E0-D01A4A3530DD} = {827E0CD3-B72D-47B6-A68D-7590B98EB39B}
		{34070F02-F5F2-4D7E-9D49-5713F0AA3CD5} = {93E75C02-1E62-1C24-21E0-D01A4A3530DD}
		{7996DCDD-592A-4FE2-8169-785BDB9B132B} = {93E75C02-1E62-1C24-21E0-D01A4A3530DD}
		{D5A1FEE0-8AF4-DBC8-EA46-641CAEC05923} = {827E0CD3-B72D-47B6-A68D-7590B98EB39B}
		{EC9C689E-FABC-4E37-83B3-E42F881A3CB6} = {D5A1FEE0-8AF4-DBC8-EA46-641CAEC05923}
		{E79F4ED5-1953-4F44-A2B5-8977C89A8B50} = {93E75C02-1E62-1C24-21E0-D01A4A3530DD}
		{38DB3034-E472-4D57-AA62-963C17CC6730} = {93E75C02-1E62-1C24-21E0-D01A4A3530DD}
		{E271E354-8CE3-4999-BF45-720344D94BBD} = {D5A1FEE0-8AF4-DBC8-EA46-641CAEC05923}
		{EEBA2869-F86F-4AD4-9701-3F42476BA837} = {D5A1FEE0-8AF4-DBC8-EA46-641CAEC05923}
		{042DF029-FD32-4C61-8AC9-169DD5B7A55A} = {D5A1FEE0-8AF4-DBC8-EA46-641CAEC05923}
		{6719E4D3-42F8-49AC-8F9D-47D252520F38} = {D5A1FEE0-8AF4-DBC8-EA46-641CAEC05923}
		{8DE93026-6945-4762-B1A0-76A5732085E4} = {D5A1FEE0-8AF4-DBC8-EA46-641CAEC05923}
	EndGlobalSection
EndGlobal
