
Microsoft Visual Studio Solution File, Format Version 12.00
# Visual Studio Version 17
Project("{FAE04EC0-301F-11D3-BF4B-00C04F79EFBC}") = "MouseTrainer.MauiHost", "src\\MouseTrainer.MauiHost\\MouseTrainer.MauiHost.csproj", "{A594DF4E-F25F-4CCC-A341-85D1B8D8EF01}"
EndProject
Project("{2150E333-8FDC-42A3-9474-1A3956D46DE8}") = "src", "src", "{827E0CD3-B72D-47B6-A68D-7590B98EB39B}"
EndProject
Project("{FAE04EC0-301F-11D3-BF4B-00C04F79EFBC}") = "MouseTrainer.Domain", "src\MouseTrainer.Domain\MouseTrainer.Domain.csproj", "{100714D2-0E80-4523-B878-01BFCB6A2F6B}"
EndProject
Project("{FAE04EC0-301F-11D3-BF4B-00C04F79EFBC}") = "MouseTrainer.Simulation", "src\MouseTrainer.Simulation\MouseTrainer.Simulation.csproj", "{FFFBCB64-D161-41B2-A27F-148961092CFE}"
EndProject
Project("{FAE04EC0-301F-11D3-BF4B-00C04F79EFBC}") = "MouseTrainer.Audio", "src\MouseTrainer.Audio\MouseTrainer.Audio.csproj", "{007F3FFA-89F8-4931-BAD1-45FF707047FF}"
EndProject
Project("{2150E333-8FDC-42A3-9474-1A3956D46DE8}") = "tools", "tools", "{07C2787E-EAC7-C090-1BA3-A61EC2A24D84}"
EndProject
Project("{FAE04EC0-301F-11D3-BF4B-00C04F79EFBC}") = "MouseTrainer.AudioGen", "tools\MouseTrainer.AudioGen\MouseTrainer.AudioGen.csproj", "{F28812F2-A3D0-4949-B608-E567085DDF7D}"
EndProject
Project("{2150E333-8FDC-42A3-9474-1A3956D46DE8}") = "tests", "tests", "{0AB3BF05-4346-4AA6-1389-037BE0695223}"
EndProject
Project("{FAE04EC0-301F-11D3-BF4B-00C04F79EFBC}") = "MouseTrainer.Tests", "tests\MouseTrainer.Tests\MouseTrainer.Tests.csproj", "{DDD50F4A-5F0A-4729-A414-2520CE7C2D11}"
EndProject
Project("{FAE04EC0-301F-11D3-BF4B-00C04F79EFBC}") = "CursorAssist.Canon", "src\CursorAssist.Canon\CursorAssist.Canon.csproj", "{AFDB76D9-105B-4165-8E85-1D2CB7DD61B3}"
EndProject
Project("{FAE04EC0-301F-11D3-BF4B-00C04F79EFBC}") = "CursorAssist.Engine", "src\CursorAssist.Engine\CursorAssist.Engine.csproj", "{311DAB32-2A88-4A06-AEED-90189AB80A8A}"
EndProject
Project("{FAE04EC0-301F-11D3-BF4B-00C04F79EFBC}") = "CursorAssist.Benchmark.Cli", "src\CursorAssist.Benchmark.Cli\CursorAssist.Benchmark.Cli.csproj", "{1E33FF63-857D-46D2-8897-818ABA330409}"
EndProject
Project("{FAE04EC0-301F-11D3-BF4B-00C04F79EFBC}") = "CursorAssist.Tests", "tests\CursorAssist.Tests\CursorAssist.Tests.csproj", "{7F19F776-8C42-4BEF-8B07-07C30BBE392C}"
EndProject
Project("{FAE04EC0-301F-11D3-BF4B-00C04F79EFBC}") = "CursorAssist.Trace", "src\CursorAssist.Trace\CursorAssist.Trace.csproj", "{9C0368B5-2204-4F9C-8A0B-5DBF92144854}"
EndProject
Project("{FAE04EC0-301F-11D3-BF4B-00C04F79EFBC}") = "CursorAssist.Policy", "src\CursorAssist.Policy\CursorAssist.Policy.csproj", "{88C5BDEB-3B12-466D-AF63-9E991E279483}"
EndProject
Project("{FAE04EC0-301F-11D3-BF4B-00C04F79EFBC}") = "CursorAssist.Profile.Cli", "src\CursorAssist.Profile.Cli\CursorAssist.Profile.Cli.csproj", "{1DA21D49-57A0-41AD-9595-9409434A52D1}"
EndProject
Project("{FAE04EC0-301F-11D3-BF4B-00C04F79EFBC}") = "CursorAssist.Runtime.Core", "src\CursorAssist.Runtime.Core\CursorAssist.Runtime.Core.csproj", "{789C5DEE-BB50-426C-831D-EB650CC9947B}"
EndProject
Project("{FAE04EC0-301F-11D3-BF4B-00C04F79EFBC}") = "CursorAssist.Runtime.Windows", "src\CursorAssist.Runtime.Windows\CursorAssist.Runtime.Windows.csproj", "{CE3D8FC6-E6EA-4F6F-9820-E30AF6714F63}"
EndProject
Project("{FAE04EC0-301F-11D3-BF4B-00C04F79EFBC}") = "CursorAssist.Pilot", "src\CursorAssist.Pilot\CursorAssist.Pilot.csproj", "{837C9597-24D5-460B-963F-E49393F9784B}"
EndProject
Global
	GlobalSection(SolutionConfigurationPlatforms) = preSolution
		Debug|Any CPU = Debug|Any CPU
		Debug|x64 = Debug|x64
		Debug|x86 = Debug|x86
		Release|Any CPU = Release|Any CPU
		Release|x64 = Release|x64
		Release|x86 = Release|x86
	EndGlobalSection
	GlobalSection(ProjectConfigurationPlatforms) = postSolution
		{A594DF4E-F25F-4CCC-A341-85D1B8D8EF01}.Debug|Any CPU.ActiveCfg = Debug|Any CPU
		{A594DF4E-F25F-4CCC-A341-85D1B8D8EF01}.Debug|Any CPU.Build.0 = Debug|Any CPU
		{A594DF4E-F25F-4CCC-A341-85D1B8D8EF01}.Debug|x64.ActiveCfg = Debug|Any CPU
		{A594DF4E-F25F-4CCC-A341-85D1B8D8EF01}.Debug|x64.Build.0 = Debug|Any CPU
		{A594DF4E-F25F-4CCC-A341-85D1B8D8EF01}.Debug|x86.ActiveCfg = Debug|Any CPU
		{A594DF4E-F25F-4CCC-A341-85D1B8D8EF01}.Debug|x86.Build.0 = Debug|Any CPU
		{A594DF4E-F25F-4CCC-A341-85D1B8D8EF01}.Release|Any CPU.ActiveCfg = Release|Any CPU
		{A594DF4E-F25F-4CCC-A341-85D1B8D8EF01}.Release|Any CPU.Build.0 = Release|Any CPU
		{A594DF4E-F25F-4CCC-A341-85D1B8D8EF01}.Release|x64.ActiveCfg = Release|Any CPU
		{A594DF4E-F25F-4CCC-A341-85D1B8D8EF01}.Release|x64.Build.0 = Release|Any CPU
		{A594DF4E-F25F-4CCC-A341-85D1B8D8EF01}.Release|x86.ActiveCfg = Release|Any CPU
		{A594DF4E-F25F-4CCC-A341-85D1B8D8EF01}.Release|x86.Build.0 = Release|Any CPU
		{100714D2-0E80-4523-B878-01BFCB6A2F6B}.Debug|Any CPU.ActiveCfg = Debug|Any CPU
		{100714D2-0E80-4523-B878-01BFCB6A2F6B}.Debug|Any CPU.Build.0 = Debug|Any CPU
		{100714D2-0E80-4523-B878-01BFCB6A2F6B}.Debug|x64.ActiveCfg = Debug|Any CPU
		{100714D2-0E80-4523-B878-01BFCB6A2F6B}.Debug|x64.Build.0 = Debug|Any CPU
		{100714D2-0E80-4523-B878-01BFCB6A2F6B}.Debug|x86.ActiveCfg = Debug|Any CPU
		{100714D2-0E80-4523-B878-01BFCB6A2F6B}.Debug|x86.Build.0 = Debug|Any CPU
		{100714D2-0E80-4523-B878-01BFCB6A2F6B}.Release|Any CPU.ActiveCfg = Release|Any CPU
		{100714D2-0E80-4523-B878-01BFCB6A2F6B}.Release|Any CPU.Build.0 = Release|Any CPU
		{100714D2-0E80-4523-B878-01BFCB6A2F6B}.Release|x64.ActiveCfg = Release|Any CPU
		{100714D2-0E80-4523-B878-01BFCB6A2F6B}.Release|x64.Build.0 = Release|Any CPU
		{100714D2-0E80-4523-B878-01BFCB6A2F6B}.Release|x86.ActiveCfg = Release|Any CPU
		{100714D2-0E80-4523-B878-01BFCB6A2F6B}.Release|x86.Build.0 = Release|Any CPU
		{FFFBCB64-D161-41B2-A27F-148961092CFE}.Debug|Any CPU.ActiveCfg = Debug|Any CPU
		{FFFBCB64-D161-41B2-A27F-148961092CFE}.Debug|Any CPU.Build.0 = Debug|Any CPU
		{FFFBCB64-D161-41B2-A27F-148961092CFE}.Debug|x64.ActiveCfg = Debug|Any CPU
		{FFFBCB64-D161-41B2-A27F-148961092CFE}.Debug|x64.Build.0 = Debug|Any CPU
		{FFFBCB64-D161-41B2-A27F-148961092CFE}.Debug|x86.ActiveCfg = Debug|Any CPU
		{FFFBCB64-D161-41B2-A27F-148961092CFE}.Debug|x86.Build.0 = Debug|Any CPU
		{FFFBCB64-D161-41B2-A27F-148961092CFE}.Release|Any CPU.ActiveCfg = Release|Any CPU
		{FFFBCB64-D161-41B2-A27F-148961092CFE}.Release|Any CPU.Build.0 = Release|Any CPU
		{FFFBCB64-D161-41B2-A27F-148961092CFE}.Release|x64.ActiveCfg = Release|Any CPU
		{FFFBCB64-D161-41B2-A27F-148961092CFE}.Release|x64.Build.0 = Release|Any CPU
		{FFFBCB64-D161-41B2-A27F-148961092CFE}.Release|x86.ActiveCfg = Release|Any CPU
		{FFFBCB64-D161-41B2-A27F-148961092CFE}.Release|x86.Build.0 = Release|Any CPU
		{007F3FFA-89F8-4931-BAD1-45FF707047FF}.Debug|Any CPU.ActiveCfg = Debug|Any CPU
		{007F3FFA-89F8-4931-BAD1-45FF707047FF}.Debug|Any CPU.Build.0 = Debug|Any CPU
		{007F3FFA-89F8-4931-BAD1-45FF707047FF}.Debug|x64.ActiveCfg = Debug|Any CPU
		{007F3FFA-89F8-4931-BAD1-45FF707047FF}.Debug|x64.Build.0 = Debug|Any CPU
		{007F3FFA-89F8-4931-BAD1-45FF707047FF}.Debug|x86.ActiveCfg = Debug|Any CPU
		{007F3FFA-89F8-4931-BAD1-45FF707047FF}.Debug|x86.Build.0 = Debug|Any CPU
		{007F3FFA-89F8-4931-BAD1-45FF707047FF}.Release|Any CPU.ActiveCfg = Release|Any CPU
		{007F3FFA-89F8-4931-BAD1-45FF707047FF}.Release|Any CPU.Build.0 = Release|Any CPU
		{007F3FFA-89F8-4931-BAD1-45FF707047FF}.Release|x64.ActiveCfg = Release|Any CPU
		{007F3FFA-89F8-4931-BAD1-45FF707047FF}.Release|x64.Build.0 = Release|Any CPU
		{007F3FFA-89F8-4931-BAD1-45FF707047FF}.Release|x86.ActiveCfg = Release|Any CPU
		{007F3FFA-89F8-4931-BAD1-45FF707047FF}.Release|x86.Build.0 = Release|Any CPU
		{F28812F2-A3D0-4949-B608-E567085DDF7D}.Debug|Any CPU.ActiveCfg = Debug|Any CPU
		{F28812F2-A3D0-4949-B608-E567085DDF7D}.Debug|Any CPU.Build.0 = Debug|Any CPU
		{F28812F2-A3D0-4949-B608-E567085DDF7D}.Debug|x64.ActiveCfg = Debug|Any CPU
		{F28812F2-A3D0-4949-B608-E567085DDF7D}.Debug|x64.Build.0 = Debug|Any CPU
		{F28812F2-A3D0-4949-B608-E567085DDF7D}.Debug|x86.ActiveCfg = Debug|Any CPU
		{F28812F2-A3D0-4949-B608-E567085DDF7D}.Debug|x86.Build.0 = Debug|Any CPU
		{F28812F2-A3D0-4949-B608-E567085DDF7D}.Release|Any CPU.ActiveCfg = Release|Any CPU
		{F28812F2-A3D0-4949-B608-E567085DDF7D}.Release|Any CPU.Build.0 = Release|Any CPU
		{F28812F2-A3D0-4949-B608-E567085DDF7D}.Release|x64.ActiveCfg = Release|Any CPU
		{F28812F2-A3D0-4949-B608-E567085DDF7D}.Release|x64.Build.0 = Release|Any CPU
		{F28812F2-A3D0-4949-B608-E567085DDF7D}.Release|x86.ActiveCfg = Release|Any CPU
		{F28812F2-A3D0-4949-B608-E567085DDF7D}.Release|x86.Build.0 = Release|Any CPU
		{DDD50F4A-5F0A-4729-A414-2520CE7C2D11}.Debug|Any CPU.ActiveCfg = Debug|Any CPU
		{DDD50F4A-5F0A-4729-A414-2520CE7C2D11}.Debug|Any CPU.Build.0 = Debug|Any CPU
		{DDD50F4A-5F0A-4729-A414-2520CE7C2D11}.Debug|x64.ActiveCfg = Debug|Any CPU
		{DDD50F4A-5F0A-4729-A414-2520CE7C2D11}.Debug|x64.Build.0 = Debug|Any CPU
		{DDD50F4A-5F0A-4729-A414-2520CE7C2D11}.Debug|x86.ActiveCfg = Debug|Any CPU
		{DDD50F4A-5F0A-4729-A414-2520CE7C2D11}.Debug|x86.Build.0 = Debug|Any CPU
		{DDD50F4A-5F0A-4729-A414-2520CE7C2D11}.Release|Any CPU.ActiveCfg = Release|Any CPU
		{DDD50F4A-5F0A-4729-A414-2520CE7C2D11}.Release|Any CPU.Build.0 = Release|Any CPU
		{DDD50F4A-5F0A-4729-A414-2520CE7C2D11}.Release|x64.ActiveCfg = Release|Any CPU
		{DDD50F4A-5F0A-4729-A414-2520CE7C2D11}.Release|x64.Build.0 = Release|Any CPU
		{DDD50F4A-5F0A-4729-A414-2520CE7C2D11}.Release|x86.ActiveCfg = Release|Any CPU
		{DDD50F4A-5F0A-4729-A414-2520CE7C2D11}.Release|x86.Build.0 = Release|Any CPU
		{AFDB76D9-105B-4165-8E85-1D2CB7DD61B3}.Debug|Any CPU.ActiveCfg = Debug|Any CPU
		{AFDB76D9-105B-4165-8E85-1D2CB7DD61B3}.Debug|Any CPU.Build.0 = Debug|Any CPU
		{AFDB76D9-105B-4165-8E85-1D2CB7DD61B3}.Debug|x64.ActiveCfg = Debug|Any CPU
		{AFDB76D9-105B-4165-8E85-1D2CB7DD61B3}.Debug|x64.Build.0 = Debug|Any CPU
		{AFDB76D9-105B-4165-8E85-1D2CB7DD61B3}.Debug|x86.ActiveCfg = Debug|Any CPU
		{AFDB76D9-105B-4165-8E85-1D2CB7DD61B3}.Debug|x86.Build.0 = Debug|Any CPU
		{AFDB76D9-105B-4165-8E85-1D2CB7DD61B3}.Release|Any CPU.ActiveCfg = Release|Any CPU
		{AFDB76D9-105B-4165-8E85-1D2CB7DD61B3}.Release|Any CPU.Build.0 = Release|Any CPU
		{AFDB76D9-105B-4165-8E85-1D2CB7DD61B3}.Release|x64.ActiveCfg = Release|Any CPU
		{AFDB76D9-105B-4165-8E85-1D2CB7DD61B3}.Release|x64.Build.0 = Release|Any CPU
		{AFDB76D9-105B-4165-8E85-1D2CB7DD61B3}.Release|x86.ActiveCfg = Release|Any CPU
		{AFDB76D9-105B-4165-8E85-1D2CB7DD61B3}.Release|x86.Build.0 = Release|Any CPU
		{311DAB32-2A88-4A06-AEED-90189AB80A8A}.Debug|Any CPU.ActiveCfg = Debug|Any CPU
		{311DAB32-2A88-4A06-AEED-90189AB80A8A}.Debug|Any CPU.Build.0 = Debug|Any CPU
		{311DAB32-2A88-4A06-AEED-90189AB80A8A}.Debug|x64.ActiveCfg = Debug|Any CPU
		{311DAB32-2A88-4A06-AEED-90189AB80A8A}.Debug|x64.Build.0 = Debug|Any CPU
		{311DAB32-2A88-4A06-AEED-90189AB80A8A}.Debug|x86.ActiveCfg = Debug|Any CPU
		{311DAB32-2A88-4A06-AEED-90189AB80A8A}.Debug|x86.Build.0 = Debug|Any CPU
		{311DAB32-2A88-4A06-AEED-90189AB80A8A}.Release|Any CPU.ActiveCfg = Release|Any CPU
		{311DAB32-2A88-4A06-AEED-90189AB80A8A}.Release|Any CPU.Build.0 = Release|Any CPU
		{311DAB32-2A88-4A06-AEED-90189AB80A8A}.Release|x64.ActiveCfg = Release|Any CPU
		{311DAB32-2A88-4A06-AEED-90189AB80A8A}.Release|x64.Build.0 = Release|Any CPU
		{311DAB32-2A88-4A06-AEED-90189AB80A8A}.Release|x86.ActiveCfg = Release|Any CPU
		{311DAB32-2A88-4A06-AEED-90189AB80A8A}.Release|x86.Build.0 = Release|Any CPU
		{1E33FF63-857D-46D2-8897-818ABA330409}.Debug|Any CPU.ActiveCfg = Debug|Any CPU
		{1E33FF63-857D-46D2-8897-818ABA330409}.Debug|Any CPU.Build.0 = Debug|Any CPU
		{1E33FF63-857D-46D2-8897-818ABA330409}.Debug|x64.ActiveCfg = Debug|Any CPU
		{1E33FF63-857D-46D2-8897-818ABA330409}.Debug|x64.Build.0 = Debug|Any CPU
		{1E33FF63-857D-46D2-8897-818ABA330409}.Debug|x86.ActiveCfg = Debug|Any CPU
		{1E33FF63-857D-46D2-8897-818ABA330409}.Debug|x86.Build.0 = Debug|Any CPU
		{1E33FF63-857D-46D2-8897-818ABA330409}.Release|Any CPU.ActiveCfg = Release|Any CPU
		{1E33FF63-857D-46D2-8897-818ABA330409}.Release|Any CPU.Build.0 = Release|Any CPU
		{1E33FF63-857D-46D2-8897-818ABA330409}.Release|x64.ActiveCfg = Release|Any CPU
		{1E33FF63-857D-46D2-8897-818ABA330409}.Release|x64.Build.0 = Release|Any CPU
		{1E33FF63-857D-46D2-8897-818ABA330409}.Release|x86.ActiveCfg = Release|Any CPU
		{1E33FF63-857D-46D2-8897-818ABA330409}.Release|x86.Build.0 = Release|Any CPU
		{7F19F776-8C42-4BEF-8B07-07C30BBE392C}.Debug|Any CPU.ActiveCfg = Debug|Any CPU
		{7F19F776-8C42-4BEF-8B07-07C30BBE392C}.Debug|Any CPU.Build.0 = Debug|Any CPU
		{7F19F776-8C42-4BEF-8B07-07C30BBE392C}.Debug|x64.ActiveCfg = Debug|Any CPU
		{7F19F776-8C42-4BEF-8B07-07C30BBE392C}.Debug|x64.Build.0 = Debug|Any CPU
		{7F19F776-8C42-4BEF-8B07-07C30BBE392C}.Debug|x86.ActiveCfg = Debug|Any CPU
		{7F19F776-8C42-4BEF-8B07-07C30BBE392C}.Debug|x86.Build.0 = Debug|Any CPU
		{7F19F776-8C42-4BEF-8B07-07C30BBE392C}.Release|Any CPU.ActiveCfg = Release|Any CPU
		{7F19F776-8C42-4BEF-8B07-07C30BBE392C}.Release|Any CPU.Build.0 = Release|Any CPU
		{7F19F776-8C42-4BEF-8B07-07C30BBE392C}.Release|x64.ActiveCfg = Release|Any CPU
		{7F19F776-8C42-4BEF-8B07-07C30BBE392C}.Release|x64.Build.0 = Release|Any CPU
		{7F19F776-8C42-4BEF-8B07-07C30BBE392C}.Release|x86.ActiveCfg = Release|Any CPU
		{7F19F776-8C42-4BEF-8B07-07C30BBE392C}.Release|x86.Build.0 = Release|Any CPU
		{9C0368B5-2204-4F9C-8A0B-5DBF92144854}.Debug|Any CPU.ActiveCfg = Debug|Any CPU
		{9C0368B5-2204-4F9C-8A0B-5DBF92144854}.Debug|Any CPU.Build.0 = Debug|Any CPU
		{9C0368B5-2204-4F9C-8A0B-5DBF92144854}.Debug|x64.ActiveCfg = Debug|Any CPU
		{9C0368B5-2204-4F9C-8A0B-5DBF92144854}.Debug|x64.Build.0 = Debug|Any CPU
		{9C0368B5-2204-4F9C-8A0B-5DBF92144854}.Debug|x86.ActiveCfg = Debug|Any CPU
		{9C0368B5-2204-4F9C-8A0B-5DBF92144854}.Debug|x86.Build.0 = Debug|Any CPU
		{9C0368B5-2204-4F9C-8A0B-5DBF92144854}.Release|Any CPU.ActiveCfg = Release|Any CPU
		{9C0368B5-2204-4F9C-8A0B-5DBF92144854}.Release|Any CPU.Build.0 = Release|Any CPU
		{9C0368B5-2204-4F9C-8A0B-5DBF92144854}.Release|x64.ActiveCfg = Release|Any CPU
		{9C0368B5-2204-4F9C-8A0B-5DBF92144854}.Release|x64.Build.0 = Release|Any CPU
		{9C0368B5-2204-4F9C-8A0B-5DBF92144854}.Release|x86.ActiveCfg = Release|Any CPU
		{9C0368B5-2204-4F9C-8A0B-5DBF92144854}.Release|x86.Build.0 = Release|Any CPU
		{88C5BDEB-3B12-466D-AF63-9E991E279483}.Debug|Any CPU.ActiveCfg = Debug|Any CPU
		{88C5BDEB-3B12-466D-AF63-9E991E279483}.Debug|Any CPU.Build.0 = Debug|Any CPU
		{88C5BDEB-3B12-466D-AF63-9E991E279483}.Debug|x64.ActiveCfg = Debug|Any CPU
		{88C5BDEB-3B12-466D-AF63-9E991E279483}.Debug|x64.Build.0 = Debug|Any CPU
		{88C5BDEB-3B12-466D-AF63-9E991E279483}.Debug|x86.ActiveCfg = Debug|Any CPU
		{88C5BDEB-3B12-466D-AF63-9E991E279483}.Debug|x86.Build.0 = Debug|Any CPU
		{88C5BDEB-3B12-466D-AF63-9E991E279483}.Release|Any CPU.ActiveCfg = Release|Any CPU
		{88C5BDEB-3B12-466D-AF63-9E991E279483}.Release|Any CPU.Build.0 = Release|Any CPU
		{88C5BDEB-3B12-466D-AF63-9E991E279483}.Release|x64.ActiveCfg = Release|Any CPU
		{88C5BDEB-3B12-466D-AF63-9E991E279483}.Release|x64.Build.0 = Release|Any CPU
		{88C5BDEB-3B12-466D-AF63-9E991E279483}.Release|x86.ActiveCfg = Release|Any CPU
		{88C5BDEB-3B12-466D-AF63-9E991E279483}.Release|x86.Build.0 = Release|Any CPU
		{1DA21D49-57A0-41AD-9595-9409434A52D1}.Debug|Any CPU.ActiveCfg = Debug|Any CPU
		{1DA21D49-57A0-41AD-9595-9409434A52D1}.Debug|Any CPU.Build.0 = Debug|Any CPU
		{1DA21D49-57A0-41AD-9595-9409434A52D1}.Debug|x64.ActiveCfg = Debug|Any CPU
		{1DA21D49-57A0-41AD-9595-9409434A52D1}.Debug|x64.Build.0 = Debug|Any CPU
		{1DA21D49-57A0-41AD-9595-9409434A52D1}.Debug|x86.ActiveCfg = Debug|Any CPU
		{1DA21D49-57A0-41AD-9595-9409434A52D1}.Debug|x86.Build.0 = Debug|Any CPU
		{1DA21D49-57A0-41AD-9595-9409434A52D1}.Release|Any CPU.ActiveCfg = Release|Any CPU
		{1DA21D49-57A0-41AD-9595-9409434A52D1}.Release|Any CPU.Build.0 = Release|Any CPU
		{1DA21D49-57A0-41AD-9595-9409434A52D1}.Release|x64.ActiveCfg = Release|Any CPU
		{1DA21D49-57A0-41AD-9595-9409434A52D1}.Release|x64.Build.0 = Release|Any CPU
		{1DA21D49-57A0-41AD-9595-9409434A52D1}.Release|x86.ActiveCfg = Release|Any CPU
		{1DA21D49-57A0-41AD-9595-9409434A52D1}.Release|x86.Build.0 = Release|Any CPU
		{789C5DEE-BB50-426C-831D-EB650CC9947B}.Debug|Any CPU.ActiveCfg = Debug|Any CPU
		{789C5DEE-BB50-426C-831D-EB650CC9947B}.Debug|Any CPU.Build.0 = Debug|Any CPU
		{789C5DEE-BB50-426C-831D-EB650CC9947B}.Debug|x64.ActiveCfg = Debug|Any CPU
		{789C5DEE-BB50-426C-831D-EB650CC9947B}.Debug|x64.Build.0 = Debug|Any CPU
		{789C5DEE-BB50-426C-831D-EB650CC9947B}.Debug|x86.ActiveCfg = Debug|Any CPU
		{789C5DEE-BB50-426C-831D-EB650CC9947B}.Debug|x86.Build.0 = Debug|Any CPU
		{789C5DEE-BB50-426C-831D-EB650CC9947B}.Release|Any CPU.ActiveCfg = Release|Any CPU
		{789C5DEE-BB50-426C-831D-EB650CC9947B}.Release|Any CPU.Build.0 = Release|Any CPU
		{789C5DEE-BB50-426C-831D-EB650CC9947B}.Release|x64.ActiveCfg = Release|Any CPU
		{789C5DEE-BB50-426C-831D-EB650CC9947B}.Release|x64.Build.0 = Release|Any CPU
		{789C5DEE-BB50-426C-831D-EB650CC9947B}.Release|x86.ActiveCfg = Release|Any CPU
		{789C5DEE-BB50-426C-831D-EB650CC9947B}.Release|x86.Build.0 = Release|Any CPU
		{CE3D8FC6-E6EA-4F6F-9820-E30AF6714F63}.Debug|Any CPU.ActiveCfg = Debug|Any CPU
		{CE3D8FC6-E6EA-4F6F-9820-E30AF6714F63}.Debug|Any CPU.Build.0 = Debug|Any CPU
		{CE3D8FC6-E6EA-4F6F-9820-E30AF6714F63}.Debug|x64.ActiveCfg = Debug|Any CPU
		{CE3D8FC6-E6EA-4F6F-9820-E30AF6714F63}.Debug|x64.Build.0 = Debug|Any CPU
		{CE3D8FC6-E6EA-4F6F-9820-E30AF6714F63}.Debug|x86.ActiveCfg = Debug|Any CPU
		{CE3D8FC6-E6EA-4F6F-9820-E30AF6714F63}.Debug|x86.Build.0 = Debug|Any CPU
		{CE3D8FC6-E6EA-4F6F-9820-E30AF6714F63}.Release|Any CPU.ActiveCfg = Release|Any CPU
		{CE3D8FC6-E6EA-4F6F-9820-E30AF6714F63}.Release|Any CPU.Build.0 = Release|Any CPU
		{CE3D8FC6-E6EA-4F6F-9820-E30AF6714F63}.Release|x64.ActiveCfg = Release|Any CPU
		{CE3D8FC6-E6EA-4F6F-9820-E30AF6714F63}.Release|x64.Build.0 = Release|Any CPU
		{CE3D8FC6-E6EA-4F6F-9820-E30AF6714F63}.Release|x86.ActiveCfg = Release|Any CPU
		{CE3D8FC6-E6EA-4F6F-9820-E30AF6714F63}.Release|x86.Build.0 = Release|Any CPU
		{837C9597-24D5-460B-963F-E49393F9784B}.Debug|Any CPU.ActiveCfg = Debug|Any CPU
		{837C9597-24D5-460B-963F-E49393F9784B}.Debug|Any CPU.Build.0 = Debug|Any CPU
		{837C9597-24D5-460B-963F-E49393F9784B}.Debug|x64.ActiveCfg = Debug|Any CPU
		{837C9597-24D5-460B-963F-E49393F9784B}.Debug|x64.Build.0 = Debug|Any CPU
		{837C9597-24D5-460B-963F-E49393F9784B}.Debug|x86.ActiveCfg = Debug|Any CPU
		{837C9597-24D5-460B-963F-E49393F9784B}.Debug|x86.Build.0 = Debug|Any CPU
		{837C9597-24D5-460B-963F-E49393F9784B}.Release|Any CPU.ActiveCfg = Release|Any CPU
		{837C9597-24D5-460B-963F-E49393F9784B}.Release|Any CPU.Build.0 = Release|Any CPU
		{837C9597-24D5-460B-963F-E49393F9784B}.Release|x64.ActiveCfg = Release|Any CPU
		{837C9597-24D5-460B-963F-E49393F9784B}.Release|x64.Build.0 = Release|Any CPU
		{837C9597-24D5-460B-963F-E49393F9784B}.Release|x86.ActiveCfg = Release|Any CPU
		{837C9597-24D5-460B-963F-E49393F9784B}.Release|x86.Build.0 = Release|Any CPU
	EndGlobalSection
	GlobalSection(SolutionProperties) = preSolution
		HideSolutionNode = FALSE
	EndGlobalSection
	GlobalSection(NestedProjects) = preSolution
		{100714D2-0E80-4523-B878-01BFCB6A2F6B} = {827E0CD3-B72D-47B6-A68D-7590B98EB39B}
		{FFFBCB64-D161-41B2-A27F-148961092CFE} = {827E0CD3-B72D-47B6-A68D-7590B98EB39B}
		{007F3FFA-89F8-4931-BAD1-45FF707047FF} = {827E0CD3-B72D-47B6-A68D-7590B98EB39B}
		{F28812F2-A3D0-4949-B608-E567085DDF7D} = {07C2787E-EAC7-C090-1BA3-A61EC2A24D84}
		{DDD50F4A-5F0A-4729-A414-2520CE7C2D11} = {0AB3BF05-4346-4AA6-1389-037BE0695223}
		{AFDB76D9-105B-4165-8E85-1D2CB7DD61B3} = {827E0CD3-B72D-47B6-A68D-7590B98EB39B}
		{311DAB32-2A88-4A06-AEED-90189AB80A8A} = {827E0CD3-B72D-47B6-A68D-7590B98EB39B}
		{1E33FF63-857D-46D2-8897-818ABA330409} = {07C2787E-EAC7-C090-1BA3-A61EC2A24D84}
		{7F19F776-8C42-4BEF-8B07-07C30BBE392C} = {0AB3BF05-4346-4AA6-1389-037BE0695223}
		{9C0368B5-2204-4F9C-8A0B-5DBF92144854} = {827E0CD3-B72D-47B6-A68D-7590B98EB39B}
		{88C5BDEB-3B12-466D-AF63-9E991E279483} = {827E0CD3-B72D-47B6-A68D-7590B98EB39B}
		{1DA21D49-57A0-41AD-9595-9409434A52D1} = {07C2787E-EAC7-C090-1BA3-A61EC2A24D84}
		{789C5DEE-BB50-426C-831D-EB650CC9947B} = {827E0CD3-B72D-47B6-A68D-7590B98EB39B}
		{CE3D8FC6-E6EA-4F6F-9820-E30AF6714F63} = {827E0CD3-B72D-47B6-A68D-7590B98EB39B}
		{837C9597-24D5-460B-963F-E49393F9784B} = {07C2787E-EAC7-C090-1BA3-A61EC2A24D84}
	EndGlobalSection
EndGlobal
